// !$*UTF8*$!
{
	archiveVersion = 1;
	classes = {
	};
	objectVersion = 56;
	objects = {

/* Begin PBXBuildFile section */
		59710ACF2B23E551001FF303 /* AppDelegate.swift in Sources */ = {isa = PBXBuildFile; fileRef = 59710ACE2B23E551001FF303 /* AppDelegate.swift */; };
		59710AD12B23E551001FF303 /* SceneDelegate.swift in Sources */ = {isa = PBXBuildFile; fileRef = 59710AD02B23E551001FF303 /* SceneDelegate.swift */; };
		59710AD32B23E551001FF303 /* ViewController.swift in Sources */ = {isa = PBXBuildFile; fileRef = 59710AD22B23E551001FF303 /* ViewController.swift */; };
		59710AD82B23E554001FF303 /* Assets.xcassets in Resources */ = {isa = PBXBuildFile; fileRef = 59710AD72B23E554001FF303 /* Assets.xcassets */; };
		59710ADB2B23E554001FF303 /* LaunchScreen.storyboard in Resources */ = {isa = PBXBuildFile; fileRef = 59710AD92B23E554001FF303 /* LaunchScreen.storyboard */; };
		59C4B52B2B23FFE9000C783E /* FeedViewController.swift in Sources */ = {isa = PBXBuildFile; fileRef = 59C4B52A2B23FFE9000C783E /* FeedViewController.swift */; };
		59C4B52D2B23FFFC000C783E /* ProfileViewController.swift in Sources */ = {isa = PBXBuildFile; fileRef = 59C4B52C2B23FFFC000C783E /* ProfileViewController.swift */; };
		59C4B52F2B240010000C783E /* PostViewController.swift in Sources */ = {isa = PBXBuildFile; fileRef = 59C4B52E2B240010000C783E /* PostViewController.swift */; };
		59C4B5332B24235D000C783E /* Post.swift in Sources */ = {isa = PBXBuildFile; fileRef = 59C4B5322B24235D000C783E /* Post.swift */; };
		59C4B5352B242755000C783E /* InfoViewController.swift in Sources */ = {isa = PBXBuildFile; fileRef = 59C4B5342B242755000C783E /* InfoViewController.swift */; };
		59C4B53A2B243089000C783E /* ResizeImages.swift in Sources */ = {isa = PBXBuildFile; fileRef = 59C4B5392B243089000C783E /* ResizeImages.swift */; };
/* End PBXBuildFile section */

/* Begin PBXFileReference section */
		59710ACB2B23E551001FF303 /* Navigation.app */ = {isa = PBXFileReference; explicitFileType = wrapper.application; includeInIndex = 0; path = Navigation.app; sourceTree = BUILT_PRODUCTS_DIR; };
		59710ACE2B23E551001FF303 /* AppDelegate.swift */ = {isa = PBXFileReference; lastKnownFileType = sourcecode.swift; path = AppDelegate.swift; sourceTree = "<group>"; };
		59710AD02B23E551001FF303 /* SceneDelegate.swift */ = {isa = PBXFileReference; lastKnownFileType = sourcecode.swift; path = SceneDelegate.swift; sourceTree = "<group>"; };
		59710AD22B23E551001FF303 /* ViewController.swift */ = {isa = PBXFileReference; lastKnownFileType = sourcecode.swift; path = ViewController.swift; sourceTree = "<group>"; };
		59710AD72B23E554001FF303 /* Assets.xcassets */ = {isa = PBXFileReference; lastKnownFileType = folder.assetcatalog; path = Assets.xcassets; sourceTree = "<group>"; };
		59710ADA2B23E554001FF303 /* Base */ = {isa = PBXFileReference; lastKnownFileType = file.storyboard; name = Base; path = Base.lproj/LaunchScreen.storyboard; sourceTree = "<group>"; };
		59710ADC2B23E554001FF303 /* Info.plist */ = {isa = PBXFileReference; lastKnownFileType = text.plist.xml; path = Info.plist; sourceTree = "<group>"; };
		59C4B52A2B23FFE9000C783E /* FeedViewController.swift */ = {isa = PBXFileReference; lastKnownFileType = sourcecode.swift; path = FeedViewController.swift; sourceTree = "<group>"; };
		59C4B52C2B23FFFC000C783E /* ProfileViewController.swift */ = {isa = PBXFileReference; lastKnownFileType = sourcecode.swift; path = ProfileViewController.swift; sourceTree = "<group>"; };
		59C4B52E2B240010000C783E /* PostViewController.swift */ = {isa = PBXFileReference; lastKnownFileType = sourcecode.swift; path = PostViewController.swift; sourceTree = "<group>"; };
		59C4B5322B24235D000C783E /* Post.swift */ = {isa = PBXFileReference; lastKnownFileType = sourcecode.swift; path = Post.swift; sourceTree = "<group>"; };
		59C4B5342B242755000C783E /* InfoViewController.swift */ = {isa = PBXFileReference; lastKnownFileType = sourcecode.swift; path = InfoViewController.swift; sourceTree = "<group>"; };
		59C4B5392B243089000C783E /* ResizeImages.swift */ = {isa = PBXFileReference; lastKnownFileType = sourcecode.swift; path = ResizeImages.swift; sourceTree = "<group>"; };
/* End PBXFileReference section */

/* Begin PBXFrameworksBuildPhase section */
		59710AC82B23E551001FF303 /* Frameworks */ = {
			isa = PBXFrameworksBuildPhase;
			buildActionMask = 2147483647;
			files = (
			);
			runOnlyForDeploymentPostprocessing = 0;
		};
/* End PBXFrameworksBuildPhase section */

/* Begin PBXGroup section */
		59710AC22B23E551001FF303 = {
			isa = PBXGroup;
			children = (
				59710ACD2B23E551001FF303 /* Navigation */,
				59710ACC2B23E551001FF303 /* Products */,
			);
			sourceTree = "<group>";
		};
		59710ACC2B23E551001FF303 /* Products */ = {
			isa = PBXGroup;
			children = (
				59710ACB2B23E551001FF303 /* Navigation.app */,
			);
			name = Products;
			sourceTree = "<group>";
		};
		59710ACD2B23E551001FF303 /* Navigation */ = {
			isa = PBXGroup;
			children = (
				59C4B5382B24306B000C783E /* utils */,
				59C4B5312B242340000C783E /* dto */,
				59C4B5302B2422F7000C783E /* viewcontrollers */,
				59710ACE2B23E551001FF303 /* AppDelegate.swift */,
				59710AD02B23E551001FF303 /* SceneDelegate.swift */,
				59710AD72B23E554001FF303 /* Assets.xcassets */,
				59710AD92B23E554001FF303 /* LaunchScreen.storyboard */,
				59710ADC2B23E554001FF303 /* Info.plist */,
			);
			path = Navigation;
			sourceTree = "<group>";
		};
		59C4B5302B2422F7000C783E /* viewcontrollers */ = {
			isa = PBXGroup;
			children = (
				59710AD22B23E551001FF303 /* ViewController.swift */,
				59C4B52A2B23FFE9000C783E /* FeedViewController.swift */,
				59C4B52C2B23FFFC000C783E /* ProfileViewController.swift */,
				59C4B52E2B240010000C783E /* PostViewController.swift */,
				59C4B5342B242755000C783E /* InfoViewController.swift */,
			);
			path = viewcontrollers;
			sourceTree = "<group>";
		};
		59C4B5312B242340000C783E /* dto */ = {
			isa = PBXGroup;
			children = (
				59C4B5322B24235D000C783E /* Post.swift */,
			);
			path = dto;
			sourceTree = "<group>";
		};
		59C4B5382B24306B000C783E /* utils */ = {
			isa = PBXGroup;
			children = (
				59C4B5392B243089000C783E /* ResizeImages.swift */,
			);
			path = utils;
			sourceTree = "<group>";
		};
/* End PBXGroup section */

/* Begin PBXNativeTarget section */
		59710ACA2B23E551001FF303 /* Navigation */ = {
			isa = PBXNativeTarget;
			buildConfigurationList = 59710ADF2B23E554001FF303 /* Build configuration list for PBXNativeTarget "Navigation" */;
			buildPhases = (
				59710AC72B23E551001FF303 /* Sources */,
				59710AC82B23E551001FF303 /* Frameworks */,
				59710AC92B23E551001FF303 /* Resources */,
			);
			buildRules = (
			);
			dependencies = (
			);
			name = Navigation;
			productName = Navigation;
			productReference = 59710ACB2B23E551001FF303 /* Navigation.app */;
			productType = "com.apple.product-type.application";
		};
/* End PBXNativeTarget section */

/* Begin PBXProject section */
		59710AC32B23E551001FF303 /* Project object */ = {
			isa = PBXProject;
			attributes = {
				BuildIndependentTargetsInParallel = 1;
				LastSwiftUpdateCheck = 1500;
				LastUpgradeCheck = 1500;
				TargetAttributes = {
					59710ACA2B23E551001FF303 = {
						CreatedOnToolsVersion = 15.0;
					};
				};
			};
			buildConfigurationList = 59710AC62B23E551001FF303 /* Build configuration list for PBXProject "Navigation" */;
			compatibilityVersion = "Xcode 14.0";
			developmentRegion = en;
			hasScannedForEncodings = 0;
			knownRegions = (
				en,
				Base,
			);
			mainGroup = 59710AC22B23E551001FF303;
			productRefGroup = 59710ACC2B23E551001FF303 /* Products */;
			projectDirPath = "";
			projectRoot = "";
			targets = (
				59710ACA2B23E551001FF303 /* Navigation */,
			);
		};
/* End PBXProject section */

/* Begin PBXResourcesBuildPhase section */
		59710AC92B23E551001FF303 /* Resources */ = {
			isa = PBXResourcesBuildPhase;
			buildActionMask = 2147483647;
			files = (
				59710ADB2B23E554001FF303 /* LaunchScreen.storyboard in Resources */,
				59710AD82B23E554001FF303 /* Assets.xcassets in Resources */,
			);
			runOnlyForDeploymentPostprocessing = 0;
		};
/* End PBXResourcesBuildPhase section */

/* Begin PBXSourcesBuildPhase section */
		59710AC72B23E551001FF303 /* Sources */ = {
			isa = PBXSourcesBuildPhase;
			buildActionMask = 2147483647;
			files = (
				59C4B52F2B240010000C783E /* PostViewController.swift in Sources */,
				59C4B53A2B243089000C783E /* ResizeImages.swift in Sources */,
				59710AD32B23E551001FF303 /* ViewController.swift in Sources */,
				59710ACF2B23E551001FF303 /* AppDelegate.swift in Sources */,
				59C4B52D2B23FFFC000C783E /* ProfileViewController.swift in Sources */,
				59C4B52B2B23FFE9000C783E /* FeedViewController.swift in Sources */,
				59C4B5332B24235D000C783E /* Post.swift in Sources */,
				59C4B5352B242755000C783E /* InfoViewController.swift in Sources */,
				59710AD12B23E551001FF303 /* SceneDelegate.swift in Sources */,
			);
			runOnlyForDeploymentPostprocessing = 0;
		};
/* End PBXSourcesBuildPhase section */

/* Begin PBXVariantGroup section */
		59710AD92B23E554001FF303 /* LaunchScreen.storyboard */ = {
			isa = PBXVariantGroup;
			children = (
				59710ADA2B23E554001FF303 /* Base */,
			);
			name = LaunchScreen.storyboard;
			sourceTree = "<group>";
		};
/* End PBXVariantGroup section */

/* Begin XCBuildConfiguration section */
		59710ADD2B23E554001FF303 /* Debug */ = {
			isa = XCBuildConfiguration;
			buildSettings = {
				ALWAYS_SEARCH_USER_PATHS = NO;
				ASSETCATALOG_COMPILER_GENERATE_SWIFT_ASSET_SYMBOL_EXTENSIONS = YES;
				CLANG_ANALYZER_NONNULL = YES;
				CLANG_ANALYZER_NUMBER_OBJECT_CONVERSION = YES_AGGRESSIVE;
				CLANG_CXX_LANGUAGE_STANDARD = "gnu++20";
				CLANG_ENABLE_MODULES = YES;
				CLANG_ENABLE_OBJC_ARC = YES;
				CLANG_ENABLE_OBJC_WEAK = YES;
				CLANG_WARN_BLOCK_CAPTURE_AUTORELEASING = YES;
				CLANG_WARN_BOOL_CONVERSION = YES;
				CLANG_WARN_COMMA = YES;
				CLANG_WARN_CONSTANT_CONVERSION = YES;
				CLANG_WARN_DEPRECATED_OBJC_IMPLEMENTATIONS = YES;
				CLANG_WARN_DIRECT_OBJC_ISA_USAGE = YES_ERROR;
				CLANG_WARN_DOCUMENTATION_COMMENTS = YES;
				CLANG_WARN_EMPTY_BODY = YES;
				CLANG_WARN_ENUM_CONVERSION = YES;
				CLANG_WARN_INFINITE_RECURSION = YES;
				CLANG_WARN_INT_CONVERSION = YES;
				CLANG_WARN_NON_LITERAL_NULL_CONVERSION = YES;
				CLANG_WARN_OBJC_IMPLICIT_RETAIN_SELF = YES;
				CLANG_WARN_OBJC_LITERAL_CONVERSION = YES;
				CLANG_WARN_OBJC_ROOT_CLASS = YES_ERROR;
				CLANG_WARN_QUOTED_INCLUDE_IN_FRAMEWORK_HEADER = YES;
				CLANG_WARN_RANGE_LOOP_ANALYSIS = YES;
				CLANG_WARN_STRICT_PROTOTYPES = YES;
				CLANG_WARN_SUSPICIOUS_MOVE = YES;
				CLANG_WARN_UNGUARDED_AVAILABILITY = YES_AGGRESSIVE;
				CLANG_WARN_UNREACHABLE_CODE = YES;
				CLANG_WARN__DUPLICATE_METHOD_MATCH = YES;
				COPY_PHASE_STRIP = NO;
				DEBUG_INFORMATION_FORMAT = dwarf;
				ENABLE_STRICT_OBJC_MSGSEND = YES;
				ENABLE_TESTABILITY = YES;
				ENABLE_USER_SCRIPT_SANDBOXING = YES;
				GCC_C_LANGUAGE_STANDARD = gnu17;
				GCC_DYNAMIC_NO_PIC = NO;
				GCC_NO_COMMON_BLOCKS = YES;
				GCC_OPTIMIZATION_LEVEL = 0;
				GCC_PREPROCESSOR_DEFINITIONS = (
					"DEBUG=1",
					"$(inherited)",
				);
				GCC_WARN_64_TO_32_BIT_CONVERSION = YES;
				GCC_WARN_ABOUT_RETURN_TYPE = YES_ERROR;
				GCC_WARN_UNDECLARED_SELECTOR = YES;
				GCC_WARN_UNINITIALIZED_AUTOS = YES_AGGRESSIVE;
				GCC_WARN_UNUSED_FUNCTION = YES;
				GCC_WARN_UNUSED_VARIABLE = YES;
				IPHONEOS_DEPLOYMENT_TARGET = 17.0;
				LOCALIZATION_PREFERS_STRING_CATALOGS = YES;
				MTL_ENABLE_DEBUG_INFO = INCLUDE_SOURCE;
				MTL_FAST_MATH = YES;
				ONLY_ACTIVE_ARCH = YES;
				SDKROOT = iphoneos;
				SWIFT_ACTIVE_COMPILATION_CONDITIONS = "DEBUG $(inherited)";
				SWIFT_OPTIMIZATION_LEVEL = "-Onone";
			};
			name = Debug;
		};
		59710ADE2B23E554001FF303 /* Release */ = {
			isa = XCBuildConfiguration;
			buildSettings = {
				ALWAYS_SEARCH_USER_PATHS = NO;
				ASSETCATALOG_COMPILER_GENERATE_SWIFT_ASSET_SYMBOL_EXTENSIONS = YES;
				CLANG_ANALYZER_NONNULL = YES;
				CLANG_ANALYZER_NUMBER_OBJECT_CONVERSION = YES_AGGRESSIVE;
				CLANG_CXX_LANGUAGE_STANDARD = "gnu++20";
				CLANG_ENABLE_MODULES = YES;
				CLANG_ENABLE_OBJC_ARC = YES;
				CLANG_ENABLE_OBJC_WEAK = YES;
				CLANG_WARN_BLOCK_CAPTURE_AUTORELEASING = YES;
				CLANG_WARN_BOOL_CONVERSION = YES;
				CLANG_WARN_COMMA = YES;
				CLANG_WARN_CONSTANT_CONVERSION = YES;
				CLANG_WARN_DEPRECATED_OBJC_IMPLEMENTATIONS = YES;
				CLANG_WARN_DIRECT_OBJC_ISA_USAGE = YES_ERROR;
				CLANG_WARN_DOCUMENTATION_COMMENTS = YES;
				CLANG_WARN_EMPTY_BODY = YES;
				CLANG_WARN_ENUM_CONVERSION = YES;
				CLANG_WARN_INFINITE_RECURSION = YES;
				CLANG_WARN_INT_CONVERSION = YES;
				CLANG_WARN_NON_LITERAL_NULL_CONVERSION = YES;
				CLANG_WARN_OBJC_IMPLICIT_RETAIN_SELF = YES;
				CLANG_WARN_OBJC_LITERAL_CONVERSION = YES;
				CLANG_WARN_OBJC_ROOT_CLASS = YES_ERROR;
				CLANG_WARN_QUOTED_INCLUDE_IN_FRAMEWORK_HEADER = YES;
				CLANG_WARN_RANGE_LOOP_ANALYSIS = YES;
				CLANG_WARN_STRICT_PROTOTYPES = YES;
				CLANG_WARN_SUSPICIOUS_MOVE = YES;
				CLANG_WARN_UNGUARDED_AVAILABILITY = YES_AGGRESSIVE;
				CLANG_WARN_UNREACHABLE_CODE = YES;
				CLANG_WARN__DUPLICATE_METHOD_MATCH = YES;
				COPY_PHASE_STRIP = NO;
				DEBUG_INFORMATION_FORMAT = "dwarf-with-dsym";
				ENABLE_NS_ASSERTIONS = NO;
				ENABLE_STRICT_OBJC_MSGSEND = YES;
				ENABLE_USER_SCRIPT_SANDBOXING = YES;
				GCC_C_LANGUAGE_STANDARD = gnu17;
				GCC_NO_COMMON_BLOCKS = YES;
				GCC_WARN_64_TO_32_BIT_CONVERSION = YES;
				GCC_WARN_ABOUT_RETURN_TYPE = YES_ERROR;
				GCC_WARN_UNDECLARED_SELECTOR = YES;
				GCC_WARN_UNINITIALIZED_AUTOS = YES_AGGRESSIVE;
				GCC_WARN_UNUSED_FUNCTION = YES;
				GCC_WARN_UNUSED_VARIABLE = YES;
				IPHONEOS_DEPLOYMENT_TARGET = 17.0;
				LOCALIZATION_PREFERS_STRING_CATALOGS = YES;
				MTL_ENABLE_DEBUG_INFO = NO;
				MTL_FAST_MATH = YES;
				SDKROOT = iphoneos;
				SWIFT_COMPILATION_MODE = wholemodule;
				VALIDATE_PRODUCT = YES;
			};
			name = Release;
		};
		59710AE02B23E554001FF303 /* Debug */ = {
			isa = XCBuildConfiguration;
			buildSettings = {
				ASSETCATALOG_COMPILER_APPICON_NAME = AppIcon;
				ASSETCATALOG_COMPILER_GLOBAL_ACCENT_COLOR_NAME = AccentColor;
				CODE_SIGN_STYLE = Automatic;
				CURRENT_PROJECT_VERSION = 1;
				GENERATE_INFOPLIST_FILE = YES;
				INFOPLIST_FILE = Navigation/Info.plist;
				INFOPLIST_KEY_UIApplicationSupportsIndirectInputEvents = YES;
				INFOPLIST_KEY_UILaunchStoryboardName = LaunchScreen;
				INFOPLIST_KEY_UISupportedInterfaceOrientations_iPad = "UIInterfaceOrientationPortrait UIInterfaceOrientationPortraitUpsideDown UIInterfaceOrientationLandscapeLeft UIInterfaceOrientationLandscapeRight";
				INFOPLIST_KEY_UISupportedInterfaceOrientations_iPhone = "UIInterfaceOrientationPortrait UIInterfaceOrientationLandscapeLeft UIInterfaceOrientationLandscapeRight";
				IPHONEOS_DEPLOYMENT_TARGET = 15.0;
				LD_RUNPATH_SEARCH_PATHS = (
					"$(inherited)",
					"@executable_path/Frameworks",
				);
				MARKETING_VERSION = 1.0;
				PRODUCT_BUNDLE_IDENTIFIER = ru.netology.Navigation;
				PRODUCT_NAME = "$(TARGET_NAME)";
				SWIFT_EMIT_LOC_STRINGS = YES;
				SWIFT_VERSION = 5.0;
				TARGETED_DEVICE_FAMILY = "1,2";
			};
			name = Debug;
		};
		59710AE12B23E554001FF303 /* Release */ = {
			isa = XCBuildConfiguration;
			buildSettings = {
				ASSETCATALOG_COMPILER_APPICON_NAME = AppIcon;
				ASSETCATALOG_COMPILER_GLOBAL_ACCENT_COLOR_NAME = AccentColor;
				CODE_SIGN_STYLE = Automatic;
				CURRENT_PROJECT_VERSION = 1;
				GENERATE_INFOPLIST_FILE = YES;
				INFOPLIST_FILE = Navigation/Info.plist;
				INFOPLIST_KEY_UIApplicationSupportsIndirectInputEvents = YES;
				INFOPLIST_KEY_UILaunchStoryboardName = LaunchScreen;
				INFOPLIST_KEY_UISupportedInterfaceOrientations_iPad = "UIInterfaceOrientationPortrait UIInterfaceOrientationPortraitUpsideDown UIInterfaceOrientationLandscapeLeft UIInterfaceOrientationLandscapeRight";
				INFOPLIST_KEY_UISupportedInterfaceOrientations_iPhone = "UIInterfaceOrientationPortrait UIInterfaceOrientationLandscapeLeft UIInterfaceOrientationLandscapeRight";
				IPHONEOS_DEPLOYMENT_TARGET = 15.0;
				LD_RUNPATH_SEARCH_PATHS = (
					"$(inherited)",
					"@executable_path/Frameworks",
				);
				MARKETING_VERSION = 1.0;
				PRODUCT_BUNDLE_IDENTIFIER = ru.netology.Navigation;
				PRODUCT_NAME = "$(TARGET_NAME)";
				SWIFT_EMIT_LOC_STRINGS = YES;
				SWIFT_VERSION = 5.0;
				TARGETED_DEVICE_FAMILY = "1,2";
			};
			name = Release;
		};
/* End XCBuildConfiguration section */

/* Begin XCConfigurationList section */
		59710AC62B23E551001FF303 /* Build configuration list for PBXProject "Navigation" */ = {
			isa = XCConfigurationList;
			buildConfigurations = (
				59710ADD2B23E554001FF303 /* Debug */,
				59710ADE2B23E554001FF303 /* Release */,
			);
			defaultConfigurationIsVisible = 0;
			defaultConfigurationName = Release;
		};
		59710ADF2B23E554001FF303 /* Build configuration list for PBXNativeTarget "Navigation" */ = {
			isa = XCConfigurationList;
			buildConfigurations = (
				59710AE02B23E554001FF303 /* Debug */,
				59710AE12B23E554001FF303 /* Release */,
			);
			defaultConfigurationIsVisible = 0;
			defaultConfigurationName = Release;
		};
/* End XCConfigurationList section */
	};
	rootObject = 59710AC32B23E551001FF303 /* Project object */;
}
