// !$*UTF8*$!
{
	archiveVersion = 1;
	classes = {
	};
	objectVersion = 70;
	objects = {

/* Begin PBXBuildFile section */
		5929D0B02C6731F800A23407 /* PhotosTableViewCell.swift in Sources */ = {isa = PBXBuildFile; fileRef = 5929D0AF2C6731F800A23407 /* PhotosTableViewCell.swift */; };
		5929D0B42C67589600A23407 /* PhotosViewController.swift in Sources */ = {isa = PBXBuildFile; fileRef = 5929D0B32C67589600A23407 /* PhotosViewController.swift */; };
		5929D0B62C6762F600A23407 /* PhotosCollectionViewCell.swift in Sources */ = {isa = PBXBuildFile; fileRef = 5929D0B52C6762F600A23407 /* PhotosCollectionViewCell.swift */; };
		5931C02F2C516EFA009880F1 /* AppDelegate.swift in Sources */ = {isa = PBXBuildFile; fileRef = 5931C02E2C516EFA009880F1 /* AppDelegate.swift */; };
		5931C0382C516EFC009880F1 /* Assets.xcassets in Resources */ = {isa = PBXBuildFile; fileRef = 5931C0372C516EFC009880F1 /* Assets.xcassets */; };
		5931C03B2C516EFC009880F1 /* LaunchScreen.storyboard in Resources */ = {isa = PBXBuildFile; fileRef = 5931C0392C516EFC009880F1 /* LaunchScreen.storyboard */; };
		5931C0442C51774B009880F1 /* ProfileViewController.swift in Sources */ = {isa = PBXBuildFile; fileRef = 5931C0432C51774B009880F1 /* ProfileViewController.swift */; };
		5931C0482C51779D009880F1 /* PostViewController.swift in Sources */ = {isa = PBXBuildFile; fileRef = 5931C0472C51779D009880F1 /* PostViewController.swift */; };
		5931C04D2C5182B8009880F1 /* InfoViewController.swift in Sources */ = {isa = PBXBuildFile; fileRef = 5931C04C2C5182B8009880F1 /* InfoViewController.swift */; };
		593874572CB3E00800DE8A86 /* iOSIntPackage in Frameworks */ = {isa = PBXBuildFile; productRef = 593874562CB3E00800DE8A86 /* iOSIntPackage */; };
		593874632CB5A51000DE8A86 /* UsersRepository.swift in Sources */ = {isa = PBXBuildFile; fileRef = 593874622CB5A50600DE8A86 /* UsersRepository.swift */; };
		593874672CB5A5CC00DE8A86 /* User.swift in Sources */ = {isa = PBXBuildFile; fileRef = 593874662CB5A59F00DE8A86 /* User.swift */; };
		5938746D2CB5B2DF00DE8A86 /* Checker.swift in Sources */ = {isa = PBXBuildFile; fileRef = 5938746C2CB5B2DC00DE8A86 /* Checker.swift */; };
		593874722CB5B47C00DE8A86 /* LoginInspector.swift in Sources */ = {isa = PBXBuildFile; fileRef = 593874712CB5B47600DE8A86 /* LoginInspector.swift */; };
		593874742CB5BE8E00DE8A86 /* LoginFactory.swift in Sources */ = {isa = PBXBuildFile; fileRef = 593874732CB5BE8800DE8A86 /* LoginFactory.swift */; };
		5938747F2CB5D1F300DE8A86 /* iOSIntPackage in Frameworks */ = {isa = PBXBuildFile; productRef = 5938747E2CB5D1F300DE8A86 /* iOSIntPackage */; };
		593874812CB5FF0400DE8A86 /* CustomButton.swift in Sources */ = {isa = PBXBuildFile; fileRef = 593874802CB5FEFD00DE8A86 /* CustomButton.swift */; };
		593874942CB7117400DE8A86 /* FeedViewOutput.swift in Sources */ = {isa = PBXBuildFile; fileRef = 593874932CB7116E00DE8A86 /* FeedViewOutput.swift */; };
		593874962CB7118400DE8A86 /* FeedViewModel.swift in Sources */ = {isa = PBXBuildFile; fileRef = 593874952CB7117F00DE8A86 /* FeedViewModel.swift */; };
		593874982CB711DA00DE8A86 /* FeedStateWordCheck.swift in Sources */ = {isa = PBXBuildFile; fileRef = 593874972CB711CA00DE8A86 /* FeedStateWordCheck.swift */; };
		5938749A2CB7232B00DE8A86 /* SceneDelegate.swift in Sources */ = {isa = PBXBuildFile; fileRef = 593874992CB7231000DE8A86 /* SceneDelegate.swift */; };
		5938749C2CB7238A00DE8A86 /* FeedViewController.swift in Sources */ = {isa = PBXBuildFile; fileRef = 5938749B2CB7238900DE8A86 /* FeedViewController.swift */; };
		5978BFA12C7A514A00C39F24 /* StorageService.h in Headers */ = {isa = PBXBuildFile; fileRef = 5978BFA02C7A514A00C39F24 /* StorageService.h */; settings = {ATTRIBUTES = (Public, ); }; };
		5978BFA42C7A514A00C39F24 /* StorageService.framework in Frameworks */ = {isa = PBXBuildFile; fileRef = 5978BF9E2C7A514A00C39F24 /* StorageService.framework */; };
		5978BFA52C7A514A00C39F24 /* StorageService.framework in Embed Frameworks */ = {isa = PBXBuildFile; fileRef = 5978BF9E2C7A514A00C39F24 /* StorageService.framework */; settings = {ATTRIBUTES = (CodeSignOnCopy, RemoveHeadersOnCopy, ); }; };
		5978BFAA2C7A517300C39F24 /* Post.swift in Sources */ = {isa = PBXBuildFile; fileRef = 5931C04A2C518066009880F1 /* Post.swift */; };
		5978BFAB2C7A517700C39F24 /* PhotosRepository.swift in Sources */ = {isa = PBXBuildFile; fileRef = 5929D0B12C6739B700A23407 /* PhotosRepository.swift */; };
		5978BFAC2C7A517A00C39F24 /* PostRepositoryInMemory.swift in Sources */ = {isa = PBXBuildFile; fileRef = 59C5A7312C5D939600200942 /* PostRepositoryInMemory.swift */; };
		59C5A72F2C5D5B5C00200942 /* LogInViewController.swift in Sources */ = {isa = PBXBuildFile; fileRef = 59C5A72E2C5D5B5B00200942 /* LogInViewController.swift */; };
		59C5A7342C5D999B00200942 /* ProfileTableViewCell.swift in Sources */ = {isa = PBXBuildFile; fileRef = 59C5A7332C5D999B00200942 /* ProfileTableViewCell.swift */; };
		59EA83C62C554C0000E812AA /* ProfileTableHeaderView.swift in Sources */ = {isa = PBXBuildFile; fileRef = 59EA83C52C554C0000E812AA /* ProfileTableHeaderView.swift */; };
		59EA83C92C559E0700E812AA /* UIImageView.swift in Sources */ = {isa = PBXBuildFile; fileRef = 59EA83C82C559E0700E812AA /* UIImageView.swift */; };
/* End PBXBuildFile section */

/* Begin PBXContainerItemProxy section */
		5978BFA22C7A514A00C39F24 /* PBXContainerItemProxy */ = {
			isa = PBXContainerItemProxy;
			containerPortal = 5931C0232C516EFA009880F1 /* Project object */;
			proxyType = 1;
			remoteGlobalIDString = 5978BF9D2C7A514A00C39F24;
			remoteInfo = StorageService;
		};
/* End PBXContainerItemProxy section */

/* Begin PBXCopyFilesBuildPhase section */
		5978BFA62C7A514A00C39F24 /* Embed Frameworks */ = {
			isa = PBXCopyFilesBuildPhase;
			buildActionMask = 2147483647;
			dstPath = "";
			dstSubfolderSpec = 10;
			files = (
				5978BFA52C7A514A00C39F24 /* StorageService.framework in Embed Frameworks */,
			);
			name = "Embed Frameworks";
			runOnlyForDeploymentPostprocessing = 0;
		};
/* End PBXCopyFilesBuildPhase section */

/* Begin PBXFileReference section */
		5929D0AF2C6731F800A23407 /* PhotosTableViewCell.swift */ = {isa = PBXFileReference; lastKnownFileType = sourcecode.swift; path = PhotosTableViewCell.swift; sourceTree = "<group>"; };
		5929D0B12C6739B700A23407 /* PhotosRepository.swift */ = {isa = PBXFileReference; lastKnownFileType = sourcecode.swift; path = PhotosRepository.swift; sourceTree = "<group>"; };
		5929D0B32C67589600A23407 /* PhotosViewController.swift */ = {isa = PBXFileReference; lastKnownFileType = sourcecode.swift; path = PhotosViewController.swift; sourceTree = "<group>"; };
		5929D0B52C6762F600A23407 /* PhotosCollectionViewCell.swift */ = {isa = PBXFileReference; lastKnownFileType = sourcecode.swift; path = PhotosCollectionViewCell.swift; sourceTree = "<group>"; };
		5931C02B2C516EFA009880F1 /* Navigation.app */ = {isa = PBXFileReference; explicitFileType = wrapper.application; includeInIndex = 0; path = Navigation.app; sourceTree = BUILT_PRODUCTS_DIR; };
		5931C02E2C516EFA009880F1 /* AppDelegate.swift */ = {isa = PBXFileReference; lastKnownFileType = sourcecode.swift; path = AppDelegate.swift; sourceTree = "<group>"; };
		5931C0372C516EFC009880F1 /* Assets.xcassets */ = {isa = PBXFileReference; lastKnownFileType = folder.assetcatalog; path = Assets.xcassets; sourceTree = "<group>"; };
		5931C03A2C516EFC009880F1 /* Base */ = {isa = PBXFileReference; lastKnownFileType = file.storyboard; name = Base; path = Base.lproj/LaunchScreen.storyboard; sourceTree = "<group>"; };
		5931C03C2C516EFC009880F1 /* Info.plist */ = {isa = PBXFileReference; lastKnownFileType = text.plist.xml; path = Info.plist; sourceTree = "<group>"; };
		5931C0432C51774B009880F1 /* ProfileViewController.swift */ = {isa = PBXFileReference; lastKnownFileType = sourcecode.swift; path = ProfileViewController.swift; sourceTree = "<group>"; };
		5931C0472C51779D009880F1 /* PostViewController.swift */ = {isa = PBXFileReference; lastKnownFileType = sourcecode.swift; path = PostViewController.swift; sourceTree = "<group>"; };
		5931C04A2C518066009880F1 /* Post.swift */ = {isa = PBXFileReference; lastKnownFileType = sourcecode.swift; path = Post.swift; sourceTree = "<group>"; };
		5931C04C2C5182B8009880F1 /* InfoViewController.swift */ = {isa = PBXFileReference; lastKnownFileType = sourcecode.swift; path = InfoViewController.swift; sourceTree = "<group>"; };
		593874622CB5A50600DE8A86 /* UsersRepository.swift */ = {isa = PBXFileReference; lastKnownFileType = sourcecode.swift; path = UsersRepository.swift; sourceTree = "<group>"; };
		593874662CB5A59F00DE8A86 /* User.swift */ = {isa = PBXFileReference; lastKnownFileType = sourcecode.swift; path = User.swift; sourceTree = "<group>"; };
		5938746C2CB5B2DC00DE8A86 /* Checker.swift */ = {isa = PBXFileReference; lastKnownFileType = sourcecode.swift; path = Checker.swift; sourceTree = "<group>"; };
		593874712CB5B47600DE8A86 /* LoginInspector.swift */ = {isa = PBXFileReference; lastKnownFileType = sourcecode.swift; path = LoginInspector.swift; sourceTree = "<group>"; };
		593874732CB5BE8800DE8A86 /* LoginFactory.swift */ = {isa = PBXFileReference; lastKnownFileType = sourcecode.swift; path = LoginFactory.swift; sourceTree = "<group>"; };
		593874802CB5FEFD00DE8A86 /* CustomButton.swift */ = {isa = PBXFileReference; lastKnownFileType = sourcecode.swift; path = CustomButton.swift; sourceTree = "<group>"; };
		593874932CB7116E00DE8A86 /* FeedViewOutput.swift */ = {isa = PBXFileReference; lastKnownFileType = sourcecode.swift; path = FeedViewOutput.swift; sourceTree = "<group>"; };
		593874952CB7117F00DE8A86 /* FeedViewModel.swift */ = {isa = PBXFileReference; lastKnownFileType = sourcecode.swift; path = FeedViewModel.swift; sourceTree = "<group>"; };
		593874972CB711CA00DE8A86 /* FeedStateWordCheck.swift */ = {isa = PBXFileReference; lastKnownFileType = sourcecode.swift; path = FeedStateWordCheck.swift; sourceTree = "<group>"; };
		593874992CB7231000DE8A86 /* SceneDelegate.swift */ = {isa = PBXFileReference; lastKnownFileType = sourcecode.swift; path = SceneDelegate.swift; sourceTree = "<group>"; };
		5938749B2CB7238900DE8A86 /* FeedViewController.swift */ = {isa = PBXFileReference; lastKnownFileType = sourcecode.swift; path = FeedViewController.swift; sourceTree = "<group>"; };
		5978BF9E2C7A514A00C39F24 /* StorageService.framework */ = {isa = PBXFileReference; explicitFileType = wrapper.framework; includeInIndex = 0; path = StorageService.framework; sourceTree = BUILT_PRODUCTS_DIR; };
		5978BFA02C7A514A00C39F24 /* StorageService.h */ = {isa = PBXFileReference; lastKnownFileType = sourcecode.c.h; path = StorageService.h; sourceTree = "<group>"; };
		59C5A72E2C5D5B5B00200942 /* LogInViewController.swift */ = {isa = PBXFileReference; lastKnownFileType = sourcecode.swift; path = LogInViewController.swift; sourceTree = "<group>"; };
		59C5A7312C5D939600200942 /* PostRepositoryInMemory.swift */ = {isa = PBXFileReference; lastKnownFileType = sourcecode.swift; path = PostRepositoryInMemory.swift; sourceTree = "<group>"; };
		59C5A7332C5D999B00200942 /* ProfileTableViewCell.swift */ = {isa = PBXFileReference; lastKnownFileType = sourcecode.swift; path = ProfileTableViewCell.swift; sourceTree = "<group>"; };
		59EA83C52C554C0000E812AA /* ProfileTableHeaderView.swift */ = {isa = PBXFileReference; lastKnownFileType = sourcecode.swift; path = ProfileTableHeaderView.swift; sourceTree = "<group>"; };
		59EA83C82C559E0700E812AA /* UIImageView.swift */ = {isa = PBXFileReference; lastKnownFileType = sourcecode.swift; path = UIImageView.swift; sourceTree = "<group>"; };
/* End PBXFileReference section */

/* Begin PBXFileSystemSynchronizedRootGroup section */
		593874582CB5A07100DE8A86 /* User */ = {isa = PBXFileSystemSynchronizedRootGroup; explicitFileTypes = {}; explicitFolders = (); path = User; sourceTree = "<group>"; };
		593874822CB6082E00DE8A86 /* Models */ = {isa = PBXFileSystemSynchronizedRootGroup; explicitFileTypes = {}; explicitFolders = (); path = Models; sourceTree = "<group>"; };
/* End PBXFileSystemSynchronizedRootGroup section */

/* Begin PBXFrameworksBuildPhase section */
		5931C0282C516EFA009880F1 /* Frameworks */ = {
			isa = PBXFrameworksBuildPhase;
			buildActionMask = 2147483647;
			files = (
				5938747F2CB5D1F300DE8A86 /* iOSIntPackage in Frameworks */,
				5978BFA42C7A514A00C39F24 /* StorageService.framework in Frameworks */,
				593874572CB3E00800DE8A86 /* iOSIntPackage in Frameworks */,
			);
			runOnlyForDeploymentPostprocessing = 0;
		};
		5978BF9B2C7A514A00C39F24 /* Frameworks */ = {
			isa = PBXFrameworksBuildPhase;
			buildActionMask = 2147483647;
			files = (
			);
			runOnlyForDeploymentPostprocessing = 0;
		};
/* End PBXFrameworksBuildPhase section */

/* Begin PBXGroup section */
		5931C0222C516EFA009880F1 = {
			isa = PBXGroup;
			children = (
				5931C02D2C516EFA009880F1 /* Navigation */,
				5978BF9F2C7A514A00C39F24 /* StorageService */,
				5931C02C2C516EFA009880F1 /* Products */,
			);
			sourceTree = "<group>";
		};
		5931C02C2C516EFA009880F1 /* Products */ = {
			isa = PBXGroup;
			children = (
				5931C02B2C516EFA009880F1 /* Navigation.app */,
				5978BF9E2C7A514A00C39F24 /* StorageService.framework */,
			);
			name = Products;
			sourceTree = "<group>";
		};
		5931C02D2C516EFA009880F1 /* Navigation */ = {
			isa = PBXGroup;
			children = (
				5931C03C2C516EFC009880F1 /* Info.plist */,
				5931C02E2C516EFA009880F1 /* AppDelegate.swift */,
				593874992CB7231000DE8A86 /* SceneDelegate.swift */,
				5931C0372C516EFC009880F1 /* Assets.xcassets */,
				59EA83C72C559DE200E812AA /* Extensions */,
				593874902CB710EA00DE8A86 /* FeedMVVM */,
				5931C0392C516EFC009880F1 /* LaunchScreen.storyboard */,
				593874822CB6082E00DE8A86 /* Models */,
				59EA83C22C554A9300E812AA /* Profile */,
				593874582CB5A07100DE8A86 /* User */,
				5938746B2CB5B2D200DE8A86 /* Utils */,
				5931C0422C517684009880F1 /* ViewControllers */,
			);
			path = Navigation;
			sourceTree = "<group>";
		};
		5931C0422C517684009880F1 /* ViewControllers */ = {
			isa = PBXGroup;
			children = (
				5931C0472C51779D009880F1 /* PostViewController.swift */,
				5931C04C2C5182B8009880F1 /* InfoViewController.swift */,
			);
			path = ViewControllers;
			sourceTree = "<group>";
		};
		5938746B2CB5B2D200DE8A86 /* Utils */ = {
			isa = PBXGroup;
			children = (
				593874802CB5FEFD00DE8A86 /* CustomButton.swift */,
				593874732CB5BE8800DE8A86 /* LoginFactory.swift */,
				593874712CB5B47600DE8A86 /* LoginInspector.swift */,
				5938746C2CB5B2DC00DE8A86 /* Checker.swift */,
			);
			path = Utils;
			sourceTree = "<group>";
		};
		593874902CB710EA00DE8A86 /* FeedMVVM */ = {
			isa = PBXGroup;
			children = (
				5938749B2CB7238900DE8A86 /* FeedViewController.swift */,
				593874972CB711CA00DE8A86 /* FeedStateWordCheck.swift */,
				593874952CB7117F00DE8A86 /* FeedViewModel.swift */,
				593874932CB7116E00DE8A86 /* FeedViewOutput.swift */,
			);
			path = FeedMVVM;
			sourceTree = "<group>";
		};
		5978BF9F2C7A514A00C39F24 /* StorageService */ = {
			isa = PBXGroup;
			children = (
				593874662CB5A59F00DE8A86 /* User.swift */,
				593874622CB5A50600DE8A86 /* UsersRepository.swift */,
				59C5A7312C5D939600200942 /* PostRepositoryInMemory.swift */,
				5929D0B12C6739B700A23407 /* PhotosRepository.swift */,
				5931C04A2C518066009880F1 /* Post.swift */,
				5978BFA02C7A514A00C39F24 /* StorageService.h */,
			);
			path = StorageService;
			sourceTree = "<group>";
		};
		59EA83C22C554A9300E812AA /* Profile */ = {
			isa = PBXGroup;
			children = (
				5931C0432C51774B009880F1 /* ProfileViewController.swift */,
				59EA83C52C554C0000E812AA /* ProfileTableHeaderView.swift */,
				59C5A72E2C5D5B5B00200942 /* LogInViewController.swift */,
				59C5A7332C5D999B00200942 /* ProfileTableViewCell.swift */,
				5929D0AF2C6731F800A23407 /* PhotosTableViewCell.swift */,
				5929D0B32C67589600A23407 /* PhotosViewController.swift */,
				5929D0B52C6762F600A23407 /* PhotosCollectionViewCell.swift */,
			);
			path = Profile;
			sourceTree = "<group>";
		};
		59EA83C72C559DE200E812AA /* Extensions */ = {
			isa = PBXGroup;
			children = (
				59EA83C82C559E0700E812AA /* UIImageView.swift */,
			);
			path = Extensions;
			sourceTree = "<group>";
		};
/* End PBXGroup section */

/* Begin PBXHeadersBuildPhase section */
		5978BF992C7A514A00C39F24 /* Headers */ = {
			isa = PBXHeadersBuildPhase;
			buildActionMask = 2147483647;
			files = (
				5978BFA12C7A514A00C39F24 /* StorageService.h in Headers */,
			);
			runOnlyForDeploymentPostprocessing = 0;
		};
/* End PBXHeadersBuildPhase section */

/* Begin PBXNativeTarget section */
		5931C02A2C516EFA009880F1 /* Navigation */ = {
			isa = PBXNativeTarget;
			buildConfigurationList = 5931C03F2C516EFC009880F1 /* Build configuration list for PBXNativeTarget "Navigation" */;
			buildPhases = (
				5931C0272C516EFA009880F1 /* Sources */,
				5931C0282C516EFA009880F1 /* Frameworks */,
				5931C0292C516EFA009880F1 /* Resources */,
				5978BFA62C7A514A00C39F24 /* Embed Frameworks */,
			);
			buildRules = (
			);
			dependencies = (
				5978BFA32C7A514A00C39F24 /* PBXTargetDependency */,
			);
			fileSystemSynchronizedGroups = (
				593874582CB5A07100DE8A86 /* User */,
				593874822CB6082E00DE8A86 /* Models */,
			);
			name = Navigation;
			productName = Navigation;
			productReference = 5931C02B2C516EFA009880F1 /* Navigation.app */;
			productType = "com.apple.product-type.application";
		};
		5978BF9D2C7A514A00C39F24 /* StorageService */ = {
			isa = PBXNativeTarget;
			buildConfigurationList = 5978BFA92C7A514A00C39F24 /* Build configuration list for PBXNativeTarget "StorageService" */;
			buildPhases = (
				5978BF992C7A514A00C39F24 /* Headers */,
				5978BF9A2C7A514A00C39F24 /* Sources */,
				5978BF9B2C7A514A00C39F24 /* Frameworks */,
				5978BF9C2C7A514A00C39F24 /* Resources */,
			);
			buildRules = (
			);
			dependencies = (
			);
			name = StorageService;
			productName = StorageService;
			productReference = 5978BF9E2C7A514A00C39F24 /* StorageService.framework */;
			productType = "com.apple.product-type.framework";
		};
/* End PBXNativeTarget section */

/* Begin PBXProject section */
		5931C0232C516EFA009880F1 /* Project object */ = {
			isa = PBXProject;
			attributes = {
				BuildIndependentTargetsInParallel = 1;
				LastSwiftUpdateCheck = 1520;
				LastUpgradeCheck = 1520;
				TargetAttributes = {
					5931C02A2C516EFA009880F1 = {
						CreatedOnToolsVersion = 15.2;
					};
					5978BF9D2C7A514A00C39F24 = {
						CreatedOnToolsVersion = 15.2;
					};
				};
			};
			buildConfigurationList = 5931C0262C516EFA009880F1 /* Build configuration list for PBXProject "Navigation" */;
			compatibilityVersion = "Xcode 14.0";
			developmentRegion = en;
			hasScannedForEncodings = 0;
			knownRegions = (
				en,
				Base,
			);
			mainGroup = 5931C0222C516EFA009880F1;
			packageReferences = (
				5938747D2CB5D1F300DE8A86 /* XCRemoteSwiftPackageReference "iOSIntPackage" */,
			);
			productRefGroup = 5931C02C2C516EFA009880F1 /* Products */;
			projectDirPath = "";
			projectRoot = "";
			targets = (
				5931C02A2C516EFA009880F1 /* Navigation */,
				5978BF9D2C7A514A00C39F24 /* StorageService */,
			);
		};
/* End PBXProject section */

/* Begin PBXResourcesBuildPhase section */
		5931C0292C516EFA009880F1 /* Resources */ = {
			isa = PBXResourcesBuildPhase;
			buildActionMask = 2147483647;
			files = (
				5931C03B2C516EFC009880F1 /* LaunchScreen.storyboard in Resources */,
				5931C0382C516EFC009880F1 /* Assets.xcassets in Resources */,
			);
			runOnlyForDeploymentPostprocessing = 0;
		};
		5978BF9C2C7A514A00C39F24 /* Resources */ = {
			isa = PBXResourcesBuildPhase;
			buildActionMask = 2147483647;
			files = (
			);
			runOnlyForDeploymentPostprocessing = 0;
		};
/* End PBXResourcesBuildPhase section */

/* Begin PBXSourcesBuildPhase section */
		5931C0272C516EFA009880F1 /* Sources */ = {
			isa = PBXSourcesBuildPhase;
			buildActionMask = 2147483647;
			files = (
				5929D0B02C6731F800A23407 /* PhotosTableViewCell.swift in Sources */,
				5929D0B42C67589600A23407 /* PhotosViewController.swift in Sources */,
				593874942CB7117400DE8A86 /* FeedViewOutput.swift in Sources */,
				59EA83C92C559E0700E812AA /* UIImageView.swift in Sources */,
				5931C0482C51779D009880F1 /* PostViewController.swift in Sources */,
				593874722CB5B47C00DE8A86 /* LoginInspector.swift in Sources */,
				59C5A72F2C5D5B5C00200942 /* LogInViewController.swift in Sources */,
				5931C02F2C516EFA009880F1 /* AppDelegate.swift in Sources */,
				593874812CB5FF0400DE8A86 /* CustomButton.swift in Sources */,
				593874962CB7118400DE8A86 /* FeedViewModel.swift in Sources */,
				5938746D2CB5B2DF00DE8A86 /* Checker.swift in Sources */,
				59EA83C62C554C0000E812AA /* ProfileTableHeaderView.swift in Sources */,
				5931C0442C51774B009880F1 /* ProfileViewController.swift in Sources */,
				593874742CB5BE8E00DE8A86 /* LoginFactory.swift in Sources */,
				5938749A2CB7232B00DE8A86 /* SceneDelegate.swift in Sources */,
				59C5A7342C5D999B00200942 /* ProfileTableViewCell.swift in Sources */,
				593874982CB711DA00DE8A86 /* FeedStateWordCheck.swift in Sources */,
				5938749C2CB7238A00DE8A86 /* FeedViewController.swift in Sources */,
				5931C04D2C5182B8009880F1 /* InfoViewController.swift in Sources */,
				5929D0B62C6762F600A23407 /* PhotosCollectionViewCell.swift in Sources */,
			);
			runOnlyForDeploymentPostprocessing = 0;
		};
		5978BF9A2C7A514A00C39F24 /* Sources */ = {
			isa = PBXSourcesBuildPhase;
			buildActionMask = 2147483647;
			files = (
				5978BFAB2C7A517700C39F24 /* PhotosRepository.swift in Sources */,
				5978BFAC2C7A517A00C39F24 /* PostRepositoryInMemory.swift in Sources */,
				593874632CB5A51000DE8A86 /* UsersRepository.swift in Sources */,
				593874672CB5A5CC00DE8A86 /* User.swift in Sources */,
				5978BFAA2C7A517300C39F24 /* Post.swift in Sources */,
			);
			runOnlyForDeploymentPostprocessing = 0;
		};
/* End PBXSourcesBuildPhase section */

/* Begin PBXTargetDependency section */
		5978BFA32C7A514A00C39F24 /* PBXTargetDependency */ = {
			isa = PBXTargetDependency;
			target = 5978BF9D2C7A514A00C39F24 /* StorageService */;
			targetProxy = 5978BFA22C7A514A00C39F24 /* PBXContainerItemProxy */;
		};
/* End PBXTargetDependency section */

/* Begin PBXVariantGroup section */
		5931C0392C516EFC009880F1 /* LaunchScreen.storyboard */ = {
			isa = PBXVariantGroup;
			children = (
				5931C03A2C516EFC009880F1 /* Base */,
			);
			name = LaunchScreen.storyboard;
			sourceTree = "<group>";
		};
/* End PBXVariantGroup section */

/* Begin XCBuildConfiguration section */
		5931C03D2C516EFC009880F1 /* Debug */ = {
			isa = XCBuildConfiguration;
			buildSettings = {
				ALWAYS_SEARCH_USER_PATHS = NO;
				ASSETCATALOG_COMPILER_GENERATE_SWIFT_ASSET_SYMBOL_EXTENSIONS = YES;
				CLANG_ANALYZER_NONNULL = YES;
				CLANG_ANALYZER_NUMBER_OBJECT_CONVERSION = YES_AGGRESSIVE;
				CLANG_CXX_LANGUAGE_STANDARD = "gnu++20";
				CLANG_ENABLE_MODULES = YES;
				CLANG_ENABLE_OBJC_ARC = YES;
				CLANG_ENABLE_OBJC_WEAK = YES;
				CLANG_WARN_BLOCK_CAPTURE_AUTORELEASING = YES;
				CLANG_WARN_BOOL_CONVERSION = YES;
				CLANG_WARN_COMMA = YES;
				CLANG_WARN_CONSTANT_CONVERSION = YES;
				CLANG_WARN_DEPRECATED_OBJC_IMPLEMENTATIONS = YES;
				CLANG_WARN_DIRECT_OBJC_ISA_USAGE = YES_ERROR;
				CLANG_WARN_DOCUMENTATION_COMMENTS = YES;
				CLANG_WARN_EMPTY_BODY = YES;
				CLANG_WARN_ENUM_CONVERSION = YES;
				CLANG_WARN_INFINITE_RECURSION = YES;
				CLANG_WARN_INT_CONVERSION = YES;
				CLANG_WARN_NON_LITERAL_NULL_CONVERSION = YES;
				CLANG_WARN_OBJC_IMPLICIT_RETAIN_SELF = YES;
				CLANG_WARN_OBJC_LITERAL_CONVERSION = YES;
				CLANG_WARN_OBJC_ROOT_CLASS = YES_ERROR;
				CLANG_WARN_QUOTED_INCLUDE_IN_FRAMEWORK_HEADER = YES;
				CLANG_WARN_RANGE_LOOP_ANALYSIS = YES;
				CLANG_WARN_STRICT_PROTOTYPES = YES;
				CLANG_WARN_SUSPICIOUS_MOVE = YES;
				CLANG_WARN_UNGUARDED_AVAILABILITY = YES_AGGRESSIVE;
				CLANG_WARN_UNREACHABLE_CODE = YES;
				CLANG_WARN__DUPLICATE_METHOD_MATCH = YES;
				COPY_PHASE_STRIP = NO;
				DEBUG_INFORMATION_FORMAT = dwarf;
				ENABLE_STRICT_OBJC_MSGSEND = YES;
				ENABLE_TESTABILITY = YES;
				ENABLE_USER_SCRIPT_SANDBOXING = YES;
				GCC_C_LANGUAGE_STANDARD = gnu17;
				GCC_DYNAMIC_NO_PIC = NO;
				GCC_NO_COMMON_BLOCKS = YES;
				GCC_OPTIMIZATION_LEVEL = 0;
				GCC_PREPROCESSOR_DEFINITIONS = (
					"DEBUG=1",
					"$(inherited)",
				);
				GCC_WARN_64_TO_32_BIT_CONVERSION = YES;
				GCC_WARN_ABOUT_RETURN_TYPE = YES_ERROR;
				GCC_WARN_UNDECLARED_SELECTOR = YES;
				GCC_WARN_UNINITIALIZED_AUTOS = YES_AGGRESSIVE;
				GCC_WARN_UNUSED_FUNCTION = YES;
				GCC_WARN_UNUSED_VARIABLE = YES;
				IPHONEOS_DEPLOYMENT_TARGET = 17.2;
				LOCALIZATION_PREFERS_STRING_CATALOGS = YES;
				MTL_ENABLE_DEBUG_INFO = INCLUDE_SOURCE;
				MTL_FAST_MATH = YES;
				ONLY_ACTIVE_ARCH = YES;
				SDKROOT = iphoneos;
				SWIFT_ACTIVE_COMPILATION_CONDITIONS = "DEBUG $(inherited)";
				SWIFT_OPTIMIZATION_LEVEL = "-Onone";
			};
			name = Debug;
		};
		5931C03E2C516EFC009880F1 /* Release */ = {
			isa = XCBuildConfiguration;
			buildSettings = {
				ALWAYS_SEARCH_USER_PATHS = NO;
				ASSETCATALOG_COMPILER_GENERATE_SWIFT_ASSET_SYMBOL_EXTENSIONS = YES;
				CLANG_ANALYZER_NONNULL = YES;
				CLANG_ANALYZER_NUMBER_OBJECT_CONVERSION = YES_AGGRESSIVE;
				CLANG_CXX_LANGUAGE_STANDARD = "gnu++20";
				CLANG_ENABLE_MODULES = YES;
				CLANG_ENABLE_OBJC_ARC = YES;
				CLANG_ENABLE_OBJC_WEAK = YES;
				CLANG_WARN_BLOCK_CAPTURE_AUTORELEASING = YES;
				CLANG_WARN_BOOL_CONVERSION = YES;
				CLANG_WARN_COMMA = YES;
				CLANG_WARN_CONSTANT_CONVERSION = YES;
				CLANG_WARN_DEPRECATED_OBJC_IMPLEMENTATIONS = YES;
				CLANG_WARN_DIRECT_OBJC_ISA_USAGE = YES_ERROR;
				CLANG_WARN_DOCUMENTATION_COMMENTS = YES;
				CLANG_WARN_EMPTY_BODY = YES;
				CLANG_WARN_ENUM_CONVERSION = YES;
				CLANG_WARN_INFINITE_RECURSION = YES;
				CLANG_WARN_INT_CONVERSION = YES;
				CLANG_WARN_NON_LITERAL_NULL_CONVERSION = YES;
				CLANG_WARN_OBJC_IMPLICIT_RETAIN_SELF = YES;
				CLANG_WARN_OBJC_LITERAL_CONVERSION = YES;
				CLANG_WARN_OBJC_ROOT_CLASS = YES_ERROR;
				CLANG_WARN_QUOTED_INCLUDE_IN_FRAMEWORK_HEADER = YES;
				CLANG_WARN_RANGE_LOOP_ANALYSIS = YES;
				CLANG_WARN_STRICT_PROTOTYPES = YES;
				CLANG_WARN_SUSPICIOUS_MOVE = YES;
				CLANG_WARN_UNGUARDED_AVAILABILITY = YES_AGGRESSIVE;
				CLANG_WARN_UNREACHABLE_CODE = YES;
				CLANG_WARN__DUPLICATE_METHOD_MATCH = YES;
				COPY_PHASE_STRIP = NO;
				DEBUG_INFORMATION_FORMAT = "dwarf-with-dsym";
				ENABLE_NS_ASSERTIONS = NO;
				ENABLE_STRICT_OBJC_MSGSEND = YES;
				ENABLE_USER_SCRIPT_SANDBOXING = YES;
				GCC_C_LANGUAGE_STANDARD = gnu17;
				GCC_NO_COMMON_BLOCKS = YES;
				GCC_WARN_64_TO_32_BIT_CONVERSION = YES;
				GCC_WARN_ABOUT_RETURN_TYPE = YES_ERROR;
				GCC_WARN_UNDECLARED_SELECTOR = YES;
				GCC_WARN_UNINITIALIZED_AUTOS = YES_AGGRESSIVE;
				GCC_WARN_UNUSED_FUNCTION = YES;
				GCC_WARN_UNUSED_VARIABLE = YES;
				IPHONEOS_DEPLOYMENT_TARGET = 17.2;
				LOCALIZATION_PREFERS_STRING_CATALOGS = YES;
				MTL_ENABLE_DEBUG_INFO = NO;
				MTL_FAST_MATH = YES;
				SDKROOT = iphoneos;
				SWIFT_COMPILATION_MODE = wholemodule;
				VALIDATE_PRODUCT = YES;
			};
			name = Release;
		};
		5931C0402C516EFC009880F1 /* Debug */ = {
			isa = XCBuildConfiguration;
			buildSettings = {
				ALWAYS_EMBED_SWIFT_STANDARD_LIBRARIES = YES;
				ASSETCATALOG_COMPILER_APPICON_NAME = AppIcon;
				ASSETCATALOG_COMPILER_GLOBAL_ACCENT_COLOR_NAME = AccentColor;
				CODE_SIGN_IDENTITY = "Apple Development";
				CODE_SIGN_STYLE = Automatic;
				CURRENT_PROJECT_VERSION = 1;
				DEVELOPMENT_TEAM = 9JFZ7SN6JA;
				GENERATE_INFOPLIST_FILE = YES;
				INFOPLIST_FILE = Navigation/Info.plist;
				INFOPLIST_KEY_UIApplicationSupportsIndirectInputEvents = YES;
				INFOPLIST_KEY_UILaunchStoryboardName = LaunchScreen;
				INFOPLIST_KEY_UISupportedInterfaceOrientations = UIInterfaceOrientationPortrait;
				INFOPLIST_KEY_UISupportedInterfaceOrientations_iPad = "UIInterfaceOrientationLandscapeLeft UIInterfaceOrientationLandscapeRight UIInterfaceOrientationPortrait UIInterfaceOrientationPortraitUpsideDown";
				IPHONEOS_DEPLOYMENT_TARGET = 17.2;
				LD_RUNPATH_SEARCH_PATHS = (
					"$(inherited)",
					"@executable_path/Frameworks",
				);
				MARKETING_VERSION = 1.0;
				PRODUCT_BUNDLE_IDENTIFIER = ru.netology.jomarzka.Navigation;
				PRODUCT_NAME = "$(TARGET_NAME)";
				PROVISIONING_PROFILE_SPECIFIER = "";
				SUPPORTED_PLATFORMS = "iphoneos iphonesimulator";
				SUPPORTS_MACCATALYST = NO;
				SUPPORTS_MAC_DESIGNED_FOR_IPHONE_IPAD = NO;
				SUPPORTS_XR_DESIGNED_FOR_IPHONE_IPAD = NO;
				SWIFT_EMIT_LOC_STRINGS = YES;
				SWIFT_VERSION = 5.0;
				TARGETED_DEVICE_FAMILY = 1;
			};
			name = Debug;
		};
		5931C0412C516EFC009880F1 /* Release */ = {
			isa = XCBuildConfiguration;
			buildSettings = {
				ALWAYS_EMBED_SWIFT_STANDARD_LIBRARIES = YES;
				ASSETCATALOG_COMPILER_APPICON_NAME = AppIcon;
				ASSETCATALOG_COMPILER_GLOBAL_ACCENT_COLOR_NAME = AccentColor;
				CODE_SIGN_IDENTITY = "Apple Development";
				CODE_SIGN_STYLE = Automatic;
				CURRENT_PROJECT_VERSION = 1;
				DEVELOPMENT_TEAM = 9JFZ7SN6JA;
				GENERATE_INFOPLIST_FILE = YES;
				INFOPLIST_FILE = Navigation/Info.plist;
				INFOPLIST_KEY_UIApplicationSupportsIndirectInputEvents = YES;
				INFOPLIST_KEY_UILaunchStoryboardName = LaunchScreen;
				INFOPLIST_KEY_UISupportedInterfaceOrientations = UIInterfaceOrientationPortrait;
				INFOPLIST_KEY_UISupportedInterfaceOrientations_iPad = "UIInterfaceOrientationLandscapeLeft UIInterfaceOrientationLandscapeRight UIInterfaceOrientationPortrait UIInterfaceOrientationPortraitUpsideDown";
				IPHONEOS_DEPLOYMENT_TARGET = 17.2;
				LD_RUNPATH_SEARCH_PATHS = (
					"$(inherited)",
					"@executable_path/Frameworks",
				);
				MARKETING_VERSION = 1.0;
				PRODUCT_BUNDLE_IDENTIFIER = ru.netology.jomarzka.Navigation;
				PRODUCT_NAME = "$(TARGET_NAME)";
				PROVISIONING_PROFILE_SPECIFIER = "";
				SUPPORTED_PLATFORMS = "iphoneos iphonesimulator";
				SUPPORTS_MACCATALYST = NO;
				SUPPORTS_MAC_DESIGNED_FOR_IPHONE_IPAD = NO;
				SUPPORTS_XR_DESIGNED_FOR_IPHONE_IPAD = NO;
				SWIFT_EMIT_LOC_STRINGS = YES;
				SWIFT_VERSION = 5.0;
				TARGETED_DEVICE_FAMILY = 1;
			};
			name = Release;
		};
		5978BFA72C7A514A00C39F24 /* Debug */ = {
			isa = XCBuildConfiguration;
			buildSettings = {
				CODE_SIGN_IDENTITY = "Apple Development";
				CODE_SIGN_STYLE = Automatic;
				CURRENT_PROJECT_VERSION = 1;
				DEFINES_MODULE = YES;
				DEVELOPMENT_TEAM = 9JFZ7SN6JA;
				DYLIB_COMPATIBILITY_VERSION = 1;
				DYLIB_CURRENT_VERSION = 1;
				DYLIB_INSTALL_NAME_BASE = "@rpath";
				ENABLE_MODULE_VERIFIER = YES;
				GENERATE_INFOPLIST_FILE = YES;
				INFOPLIST_KEY_NSHumanReadableCopyright = "";
				INSTALL_PATH = "$(LOCAL_LIBRARY_DIR)/Frameworks";
				LD_RUNPATH_SEARCH_PATHS = (
					"$(inherited)",
					"@executable_path/Frameworks",
					"@loader_path/Frameworks",
				);
				MARKETING_VERSION = 1.0;
				MODULE_VERIFIER_SUPPORTED_LANGUAGES = "objective-c objective-c++";
				MODULE_VERIFIER_SUPPORTED_LANGUAGE_STANDARDS = "gnu17 gnu++20";
				PRODUCT_BUNDLE_IDENTIFIER = ru.netology.jomarzka.StorageService;
				PRODUCT_NAME = "$(TARGET_NAME:c99extidentifier)";
				SKIP_INSTALL = YES;
				SWIFT_EMIT_LOC_STRINGS = YES;
				SWIFT_VERSION = 5.0;
				TARGETED_DEVICE_FAMILY = "1,2";
				VERSIONING_SYSTEM = "apple-generic";
				VERSION_INFO_PREFIX = "";
			};
			name = Debug;
		};
		5978BFA82C7A514A00C39F24 /* Release */ = {
			isa = XCBuildConfiguration;
			buildSettings = {
				CODE_SIGN_IDENTITY = "Apple Development";
				CODE_SIGN_STYLE = Automatic;
				CURRENT_PROJECT_VERSION = 1;
				DEFINES_MODULE = YES;
				DEVELOPMENT_TEAM = 9JFZ7SN6JA;
				DYLIB_COMPATIBILITY_VERSION = 1;
				DYLIB_CURRENT_VERSION = 1;
				DYLIB_INSTALL_NAME_BASE = "@rpath";
				ENABLE_MODULE_VERIFIER = YES;
				GENERATE_INFOPLIST_FILE = YES;
				INFOPLIST_KEY_NSHumanReadableCopyright = "";
				INSTALL_PATH = "$(LOCAL_LIBRARY_DIR)/Frameworks";
				LD_RUNPATH_SEARCH_PATHS = (
					"$(inherited)",
					"@executable_path/Frameworks",
					"@loader_path/Frameworks",
				);
				MARKETING_VERSION = 1.0;
				MODULE_VERIFIER_SUPPORTED_LANGUAGES = "objective-c objective-c++";
				MODULE_VERIFIER_SUPPORTED_LANGUAGE_STANDARDS = "gnu17 gnu++20";
				PRODUCT_BUNDLE_IDENTIFIER = ru.netology.jomarzka.StorageService;
				PRODUCT_NAME = "$(TARGET_NAME:c99extidentifier)";
				SKIP_INSTALL = YES;
				SWIFT_EMIT_LOC_STRINGS = YES;
				SWIFT_VERSION = 5.0;
				TARGETED_DEVICE_FAMILY = "1,2";
				VERSIONING_SYSTEM = "apple-generic";
				VERSION_INFO_PREFIX = "";
			};
			name = Release;
		};
/* End XCBuildConfiguration section */

/* Begin XCConfigurationList section */
		5931C0262C516EFA009880F1 /* Build configuration list for PBXProject "Navigation" */ = {
			isa = XCConfigurationList;
			buildConfigurations = (
				5931C03D2C516EFC009880F1 /* Debug */,
				5931C03E2C516EFC009880F1 /* Release */,
			);
			defaultConfigurationIsVisible = 0;
			defaultConfigurationName = Release;
		};
		5931C03F2C516EFC009880F1 /* Build configuration list for PBXNativeTarget "Navigation" */ = {
			isa = XCConfigurationList;
			buildConfigurations = (
				5931C0402C516EFC009880F1 /* Debug */,
				5931C0412C516EFC009880F1 /* Release */,
			);
			defaultConfigurationIsVisible = 0;
			defaultConfigurationName = Release;
		};
		5978BFA92C7A514A00C39F24 /* Build configuration list for PBXNativeTarget "StorageService" */ = {
			isa = XCConfigurationList;
			buildConfigurations = (
				5978BFA72C7A514A00C39F24 /* Debug */,
				5978BFA82C7A514A00C39F24 /* Release */,
			);
			defaultConfigurationIsVisible = 0;
			defaultConfigurationName = Release;
		};
/* End XCConfigurationList section */

/* Begin XCRemoteSwiftPackageReference section */
		593874552CB3E00800DE8A86 /* XCRemoteSwiftPackageReference "iOSIntPackage" */ = {
			isa = XCRemoteSwiftPackageReference;
			repositoryURL = "https://github.com/TrueMax/iOSIntPackage";
			requirement = {
				kind = upToNextMajorVersion;
				minimumVersion = 2.2.0;
			};
		};
		5938747D2CB5D1F300DE8A86 /* XCRemoteSwiftPackageReference "iOSIntPackage" */ = {
			isa = XCRemoteSwiftPackageReference;
			repositoryURL = "https://github.com/TrueMax/iOSIntPackage";
			requirement = {
				branch = imagepublisher;
				kind = branch;
			};
		};
/* End XCRemoteSwiftPackageReference section */

/* Begin XCSwiftPackageProductDependency section */
		593874562CB3E00800DE8A86 /* iOSIntPackage */ = {
			isa = XCSwiftPackageProductDependency;
			package = 593874552CB3E00800DE8A86 /* XCRemoteSwiftPackageReference "iOSIntPackage" */;
			productName = iOSIntPackage;
		};
		5938747E2CB5D1F300DE8A86 /* iOSIntPackage */ = {
			isa = XCSwiftPackageProductDependency;
			package = 5938747D2CB5D1F300DE8A86 /* XCRemoteSwiftPackageReference "iOSIntPackage" */;
			productName = iOSIntPackage;
		};
/* End XCSwiftPackageProductDependency section */
	};
	rootObject = 5931C0232C516EFA009880F1 /* Project object */;
}
